
Microsoft Visual Studio Solution File, Format Version 12.00
# Visual Studio 14
VisualStudioVersion = 14.0.25420.1
MinimumVisualStudioVersion = 10.0.40219.1
Project("{FAE04EC0-301F-11D3-BF4B-00C04F79EFBC}") = "BackupRefreshDB", "BackupRefreshDB\BackupRefreshDB.csproj", "{BADDA6E6-8D7E-407F-802B-49066E48B34C}"
EndProject
Project("{FAE04EC0-301F-11D3-BF4B-00C04F79EFBC}") = "DBFileFunctions", "DBFileFunctions\DBFileFunctions.csproj", "{DA319CFD-9ABA-45C1-B995-A7FECEE88290}"
EndProject
Project("{FAE04EC0-301F-11D3-BF4B-00C04F79EFBC}") = "LogShipping", "LogShipping\LogShipping.csproj", "{4648F08E-C42C-42B6-9E9E-8072B3D26411}"
EndProject
Global
	GlobalSection(SolutionConfigurationPlatforms) = preSolution
		Debug|Any CPU = Debug|Any CPU
		Release|Any CPU = Release|Any CPU
	EndGlobalSection
	GlobalSection(ProjectConfigurationPlatforms) = postSolution
		{BADDA6E6-8D7E-407F-802B-49066E48B34C}.Debug|Any CPU.ActiveCfg = Debug|Any CPU
		{BADDA6E6-8D7E-407F-802B-49066E48B34C}.Debug|Any CPU.Build.0 = Debug|Any CPU
		{BADDA6E6-8D7E-407F-802B-49066E48B34C}.Release|Any CPU.ActiveCfg = Release|Any CPU
		{BADDA6E6-8D7E-407F-802B-49066E48B34C}.Release|Any CPU.Build.0 = Release|Any CPU
		{DA319CFD-9ABA-45C1-B995-A7FECEE88290}.Debug|Any CPU.ActiveCfg = Debug|Any CPU
		{DA319CFD-9ABA-45C1-B995-A7FECEE88290}.Debug|Any CPU.Build.0 = Debug|Any CPU
		{DA319CFD-9ABA-45C1-B995-A7FECEE88290}.Release|Any CPU.ActiveCfg = Release|Any CPU
		{DA319CFD-9ABA-45C1-B995-A7FECEE88290}.Release|Any CPU.Build.0 = Release|Any CPU
		{4648F08E-C42C-42B6-9E9E-8072B3D26411}.Debug|Any CPU.ActiveCfg = Debug|Any CPU
		{4648F08E-C42C-42B6-9E9E-8072B3D26411}.Debug|Any CPU.Build.0 = Debug|Any CPU
		{4648F08E-C42C-42B6-9E9E-8072B3D26411}.Release|Any CPU.ActiveCfg = Release|Any CPU
		{4648F08E-C42C-42B6-9E9E-8072B3D26411}.Release|Any CPU.Build.0 = Release|Any CPU
	EndGlobalSection
	GlobalSection(SolutionProperties) = preSolution
		HideSolutionNode = FALSE
	EndGlobalSection
EndGlobal
